
Microsoft Visual Studio Solution File, Format Version 12.00
# Visual Studio 15
VisualStudioVersion = 15.0.28307.168
MinimumVisualStudioVersion = 10.0.40219.1
Project("{FAE04EC0-301F-11D3-BF4B-00C04F79EFBC}") = "URI1002", "URI1002\URI1002.csproj", "{12DFD1B0-FA0E-4BBA-8709-AEF4F0C30E08}"
EndProject
Global
	GlobalSection(SolutionConfigurationPlatforms) = preSolution
		Debug|Any CPU = Debug|Any CPU
		Release|Any CPU = Release|Any CPU
	EndGlobalSection
	GlobalSection(ProjectConfigurationPlatforms) = postSolution
		{12DFD1B0-FA0E-4BBA-8709-AEF4F0C30E08}.Debug|Any CPU.ActiveCfg = Debug|Any CPU
		{12DFD1B0-FA0E-4BBA-8709-AEF4F0C30E08}.Debug|Any CPU.Build.0 = Debug|Any CPU
		{12DFD1B0-FA0E-4BBA-8709-AEF4F0C30E08}.Release|Any CPU.ActiveCfg = Release|Any CPU
		{12DFD1B0-FA0E-4BBA-8709-AEF4F0C30E08}.Release|Any CPU.Build.0 = Release|Any CPU
	EndGlobalSection
	GlobalSection(SolutionProperties) = preSolution
		HideSolutionNode = FALSE
	EndGlobalSection
	GlobalSection(ExtensibilityGlobals) = postSolution
		SolutionGuid = {7F789354-ADC0-4E3F-A776-22A2FD620D96}
	EndGlobalSection
EndGlobal
