
Microsoft Visual Studio Solution File, Format Version 12.00
# Visual Studio 15
VisualStudioVersion = 15.0.28307.168
MinimumVisualStudioVersion = 10.0.40219.1
Project("{FAE04EC0-301F-11D3-BF4B-00C04F79EFBC}") = "URI1005", "URI1005\URI1005.csproj", "{721A11F4-2854-4CA3-BFBA-C8B853295A75}"
EndProject
Global
	GlobalSection(SolutionConfigurationPlatforms) = preSolution
		Debug|Any CPU = Debug|Any CPU
		Release|Any CPU = Release|Any CPU
	EndGlobalSection
	GlobalSection(ProjectConfigurationPlatforms) = postSolution
		{721A11F4-2854-4CA3-BFBA-C8B853295A75}.Debug|Any CPU.ActiveCfg = Debug|Any CPU
		{721A11F4-2854-4CA3-BFBA-C8B853295A75}.Debug|Any CPU.Build.0 = Debug|Any CPU
		{721A11F4-2854-4CA3-BFBA-C8B853295A75}.Release|Any CPU.ActiveCfg = Release|Any CPU
		{721A11F4-2854-4CA3-BFBA-C8B853295A75}.Release|Any CPU.Build.0 = Release|Any CPU
	EndGlobalSection
	GlobalSection(SolutionProperties) = preSolution
		HideSolutionNode = FALSE
	EndGlobalSection
	GlobalSection(ExtensibilityGlobals) = postSolution
		SolutionGuid = {7035A00C-772F-4105-9690-44D3577A68D4}
	EndGlobalSection
EndGlobal
