
Microsoft Visual Studio Solution File, Format Version 12.00
# Visual Studio 15
VisualStudioVersion = 15.0.28307.168
MinimumVisualStudioVersion = 10.0.40219.1
Project("{FAE04EC0-301F-11D3-BF4B-00C04F79EFBC}") = "URI1038", "URI1038\URI1038.csproj", "{33953624-A94B-4C25-8B0D-B110A257631B}"
EndProject
Global
	GlobalSection(SolutionConfigurationPlatforms) = preSolution
		Debug|Any CPU = Debug|Any CPU
		Release|Any CPU = Release|Any CPU
	EndGlobalSection
	GlobalSection(ProjectConfigurationPlatforms) = postSolution
		{33953624-A94B-4C25-8B0D-B110A257631B}.Debug|Any CPU.ActiveCfg = Debug|Any CPU
		{33953624-A94B-4C25-8B0D-B110A257631B}.Debug|Any CPU.Build.0 = Debug|Any CPU
		{33953624-A94B-4C25-8B0D-B110A257631B}.Release|Any CPU.ActiveCfg = Release|Any CPU
		{33953624-A94B-4C25-8B0D-B110A257631B}.Release|Any CPU.Build.0 = Release|Any CPU
	EndGlobalSection
	GlobalSection(SolutionProperties) = preSolution
		HideSolutionNode = FALSE
	EndGlobalSection
	GlobalSection(ExtensibilityGlobals) = postSolution
		SolutionGuid = {59055663-82CD-4280-B2DD-33597C8336D8}
	EndGlobalSection
EndGlobal
