
Microsoft Visual Studio Solution File, Format Version 12.00
# Visual Studio 15
VisualStudioVersion = 15.0.28307.168
MinimumVisualStudioVersion = 10.0.40219.1
Project("{FAE04EC0-301F-11D3-BF4B-00C04F79EFBC}") = "URI1037", "URI1037\URI1037.csproj", "{BD7C7709-B97E-45EC-98D2-3B3DBE0FF1E0}"
EndProject
Global
	GlobalSection(SolutionConfigurationPlatforms) = preSolution
		Debug|Any CPU = Debug|Any CPU
		Release|Any CPU = Release|Any CPU
	EndGlobalSection
	GlobalSection(ProjectConfigurationPlatforms) = postSolution
		{BD7C7709-B97E-45EC-98D2-3B3DBE0FF1E0}.Debug|Any CPU.ActiveCfg = Debug|Any CPU
		{BD7C7709-B97E-45EC-98D2-3B3DBE0FF1E0}.Debug|Any CPU.Build.0 = Debug|Any CPU
		{BD7C7709-B97E-45EC-98D2-3B3DBE0FF1E0}.Release|Any CPU.ActiveCfg = Release|Any CPU
		{BD7C7709-B97E-45EC-98D2-3B3DBE0FF1E0}.Release|Any CPU.Build.0 = Release|Any CPU
	EndGlobalSection
	GlobalSection(SolutionProperties) = preSolution
		HideSolutionNode = FALSE
	EndGlobalSection
	GlobalSection(ExtensibilityGlobals) = postSolution
		SolutionGuid = {04561A0F-7F50-448F-8570-B78027802EDA}
	EndGlobalSection
EndGlobal
